
Microsoft Visual Studio Solution File, Format Version 12.00
# Visual Studio Version 17
VisualStudioVersion = 17.7.34031.279
MinimumVisualStudioVersion = 10.0.40219.1
Project("{9A19103F-16F7-4668-BE54-9A1E7A4F7556}") = "TablaModels", "TablaModels\TablaModels.csproj", "{6C02F437-9E37-4534-8C66-99E8A018A19D}"
EndProject
Project("{9A19103F-16F7-4668-BE54-9A1E7A4F7556}") = "TablaConsoleGame", "ConsoleTabla\TablaConsoleGame.csproj", "{AF076CEF-9A32-4E59-949E-71E43275D1FB}"
EndProject
Project("{9A19103F-16F7-4668-BE54-9A1E7A4F7556}") = "TablaGameLogic", "TablaGameLogic\TablaGameLogic.csproj", "{5268ED36-3C9D-4CC8-84B2-0A50F89E1312}"
EndProject
Project("{9A19103F-16F7-4668-BE54-9A1E7A4F7556}") = "TablaModels.Test", "TablaModels.Test\TablaModels.Test.csproj", "{CD9B1C84-1A63-4228-A6E6-21974A2D5AFC}"
EndProject
Project("{9A19103F-16F7-4668-BE54-9A1E7A4F7556}") = "TablaEngine", "TablaEngine\TablaEngine.csproj", "{7D88BBA4-402F-4E0D-A029-AAE5910A257E}"
EndProject
Global
	GlobalSection(SolutionConfigurationPlatforms) = preSolution
		Debug|Any CPU = Debug|Any CPU
		Release|Any CPU = Release|Any CPU
	EndGlobalSection
	GlobalSection(ProjectConfigurationPlatforms) = postSolution
		{6C02F437-9E37-4534-8C66-99E8A018A19D}.Debug|Any CPU.ActiveCfg = Debug|Any CPU
		{6C02F437-9E37-4534-8C66-99E8A018A19D}.Debug|Any CPU.Build.0 = Debug|Any CPU
		{6C02F437-9E37-4534-8C66-99E8A018A19D}.Release|Any CPU.ActiveCfg = Release|Any CPU
		{6C02F437-9E37-4534-8C66-99E8A018A19D}.Release|Any CPU.Build.0 = Release|Any CPU
		{AF076CEF-9A32-4E59-949E-71E43275D1FB}.Debug|Any CPU.ActiveCfg = Debug|Any CPU
		{AF076CEF-9A32-4E59-949E-71E43275D1FB}.Debug|Any CPU.Build.0 = Debug|Any CPU
		{AF076CEF-9A32-4E59-949E-71E43275D1FB}.Release|Any CPU.ActiveCfg = Release|Any CPU
		{AF076CEF-9A32-4E59-949E-71E43275D1FB}.Release|Any CPU.Build.0 = Release|Any CPU
		{5268ED36-3C9D-4CC8-84B2-0A50F89E1312}.Debug|Any CPU.ActiveCfg = Debug|Any CPU
		{5268ED36-3C9D-4CC8-84B2-0A50F89E1312}.Debug|Any CPU.Build.0 = Debug|Any CPU
		{5268ED36-3C9D-4CC8-84B2-0A50F89E1312}.Release|Any CPU.ActiveCfg = Release|Any CPU
		{5268ED36-3C9D-4CC8-84B2-0A50F89E1312}.Release|Any CPU.Build.0 = Release|Any CPU
		{CD9B1C84-1A63-4228-A6E6-21974A2D5AFC}.Debug|Any CPU.ActiveCfg = Debug|Any CPU
		{CD9B1C84-1A63-4228-A6E6-21974A2D5AFC}.Debug|Any CPU.Build.0 = Debug|Any CPU
		{CD9B1C84-1A63-4228-A6E6-21974A2D5AFC}.Release|Any CPU.ActiveCfg = Release|Any CPU
		{CD9B1C84-1A63-4228-A6E6-21974A2D5AFC}.Release|Any CPU.Build.0 = Release|Any CPU
		{7D88BBA4-402F-4E0D-A029-AAE5910A257E}.Debug|Any CPU.ActiveCfg = Debug|Any CPU
		{7D88BBA4-402F-4E0D-A029-AAE5910A257E}.Debug|Any CPU.Build.0 = Debug|Any CPU
		{7D88BBA4-402F-4E0D-A029-AAE5910A257E}.Release|Any CPU.ActiveCfg = Release|Any CPU
		{7D88BBA4-402F-4E0D-A029-AAE5910A257E}.Release|Any CPU.Build.0 = Release|Any CPU
	EndGlobalSection
	GlobalSection(SolutionProperties) = preSolution
		HideSolutionNode = FALSE
	EndGlobalSection
	GlobalSection(ExtensibilityGlobals) = postSolution
		SolutionGuid = {A10AF3A2-E428-411E-BEA8-EFFA160C5FED}
	EndGlobalSection
EndGlobal
